PODS:
  - Alamofire (5.4.3)
  - Kingfisher (6.3.1)
  - ProgressHUD (13.6)
  - UIScrollView-InfiniteScroll (1.1.0)

DEPENDENCIES:
  - Alamofire
  - Kingfisher
  - ProgressHUD (= 13.6)
  - UIScrollView-InfiniteScroll

SPEC REPOS:
  https://github.com/CocoaPods/Specs.git:
    - Alamofire
    - Kingfisher
    - ProgressHUD
    - UIScrollView-InfiniteScroll

SPEC CHECKSUMS:
  Alamofire: e447a2774a40c996748296fa2c55112fdbbc42f9
  Kingfisher: 016c8b653a35add51dd34a3aba36b580041acc74
  ProgressHUD: 4bdaa0d2ddf676b23324b199f9facffb5c3a1620
  UIScrollView-InfiniteScroll: 3ef456bcbe759c19f510a383cff96e6647c98c98

PODFILE CHECKSUM: 71e20d3ff59e8bb961a4b7953cd3e808b91f23c6

COCOAPODS: 1.10.1
