// !$*UTF8*$!
{
	archiveVersion = 1;
	classes = {
	};
	objectVersion = 51;
	objects = {

/* Begin PBXBuildFile section */
		7B24BDE130221AB9470717BC /* Pods_NewsAppTests.framework in Frameworks */ = {isa = PBXBuildFile; fileRef = E67B48CB236688EAC67C1B6A /* Pods_NewsAppTests.framework */; };
		C943F72B96E606A7394456D0 /* Pods_NewsApp.framework in Frameworks */ = {isa = PBXBuildFile; fileRef = 542D3E52297C0A4CC6DA48FC /* Pods_NewsApp.framework */; };
		E0159B7D26E93D860011ED2D /* AppDelegate.swift in Sources */ = {isa = PBXBuildFile; fileRef = E0159B7C26E93D860011ED2D /* AppDelegate.swift */; };
		E0159B8426E93D860011ED2D /* Main.storyboard in Resources */ = {isa = PBXBuildFile; fileRef = E0159B8226E93D860011ED2D /* Main.storyboard */; };
		E0159B8626E93D890011ED2D /* Assets.xcassets in Resources */ = {isa = PBXBuildFile; fileRef = E0159B8526E93D890011ED2D /* Assets.xcassets */; };
		E0159B8926E93D890011ED2D /* LaunchScreen.storyboard in Resources */ = {isa = PBXBuildFile; fileRef = E0159B8726E93D890011ED2D /* LaunchScreen.storyboard */; };
		E0159B9426E93D890011ED2D /* NewsAppTests.swift in Sources */ = {isa = PBXBuildFile; fileRef = E0159B9326E93D890011ED2D /* NewsAppTests.swift */; };
		E09A5E1A26E949BB00E5511F /* ApiBaseRouter.swift in Sources */ = {isa = PBXBuildFile; fileRef = E09A5E1926E949BB00E5511F /* ApiBaseRouter.swift */; };
		E09A5E1C26E949E500E5511F /* NetworkConstants.swift in Sources */ = {isa = PBXBuildFile; fileRef = E09A5E1B26E949E500E5511F /* NetworkConstants.swift */; };
		E09A5E2026E94ACB00E5511F /* NetworkManager.swift in Sources */ = {isa = PBXBuildFile; fileRef = E09A5E1F26E94ACB00E5511F /* NetworkManager.swift */; };
		E09A5E2226E94B1E00E5511F /* BaseModel.swift in Sources */ = {isa = PBXBuildFile; fileRef = E09A5E2126E94B1E00E5511F /* BaseModel.swift */; };
		E09A5E2426E94C3200E5511F /* ArticlesModel.swift in Sources */ = {isa = PBXBuildFile; fileRef = E09A5E2326E94C3200E5511F /* ArticlesModel.swift */; };
		E09A5E2626E94CE100E5511F /* ArticleModel.swift in Sources */ = {isa = PBXBuildFile; fileRef = E09A5E2526E94CE100E5511F /* ArticleModel.swift */; };
		E09A5E2826E94D6A00E5511F /* SourceModel.swift in Sources */ = {isa = PBXBuildFile; fileRef = E09A5E2726E94D6A00E5511F /* SourceModel.swift */; };
		E09A5E2C26E9538D00E5511F /* NewsFeedRouter.swift in Sources */ = {isa = PBXBuildFile; fileRef = E09A5E2B26E9538D00E5511F /* NewsFeedRouter.swift */; };
		E09A5E2E26E9539900E5511F /* NewsFeedStore.swift in Sources */ = {isa = PBXBuildFile; fileRef = E09A5E2D26E9539900E5511F /* NewsFeedStore.swift */; };
		E09A5E3026E95CAE00E5511F /* NetworkError.swift in Sources */ = {isa = PBXBuildFile; fileRef = E09A5E2F26E95CAE00E5511F /* NetworkError.swift */; };
		E09A5E3426E96E0400E5511F /* UIViewExtenstion.swift in Sources */ = {isa = PBXBuildFile; fileRef = E09A5E3326E96E0400E5511F /* UIViewExtenstion.swift */; };
		E09A5E3626E96E6E00E5511F /* UITableViewExtension.swift in Sources */ = {isa = PBXBuildFile; fileRef = E09A5E3526E96E6E00E5511F /* UITableViewExtension.swift */; };
		E09A5E3826E96E9600E5511F /* UITableViewCellExtension.swift in Sources */ = {isa = PBXBuildFile; fileRef = E09A5E3726E96E9600E5511F /* UITableViewCellExtension.swift */; };
		E09A5E3A26E96EC600E5511F /* ReusableProtocol.swift in Sources */ = {isa = PBXBuildFile; fileRef = E09A5E3926E96EC600E5511F /* ReusableProtocol.swift */; };
		E09A5E3C26E96F1E00E5511F /* CellConfigurable.swift in Sources */ = {isa = PBXBuildFile; fileRef = E09A5E3B26E96F1E00E5511F /* CellConfigurable.swift */; };
		E09A5E3F26E96F5600E5511F /* BaseCellViewModel.swift in Sources */ = {isa = PBXBuildFile; fileRef = E09A5E3E26E96F5600E5511F /* BaseCellViewModel.swift */; };
		E09A5E4226E971E200E5511F /* NewsFeedsViewController.swift in Sources */ = {isa = PBXBuildFile; fileRef = E09A5E4126E971E200E5511F /* NewsFeedsViewController.swift */; };
		E09A5E4626E973FC00E5511F /* NewsFeedTableViewCell.swift in Sources */ = {isa = PBXBuildFile; fileRef = E09A5E4426E973FC00E5511F /* NewsFeedTableViewCell.swift */; };
		E09A5E4726E973FC00E5511F /* NewsFeedTableViewCell.xib in Resources */ = {isa = PBXBuildFile; fileRef = E09A5E4526E973FC00E5511F /* NewsFeedTableViewCell.xib */; };
		E09A5E4A26E9792500E5511F /* NewsFeedTableViewCellViewModel.swift in Sources */ = {isa = PBXBuildFile; fileRef = E09A5E4926E9792500E5511F /* NewsFeedTableViewCellViewModel.swift */; };
		E09A5E4C26E97BFB00E5511F /* NewsFeedsViewModel.swift in Sources */ = {isa = PBXBuildFile; fileRef = E09A5E4B26E97BFB00E5511F /* NewsFeedsViewModel.swift */; };
/* End PBXBuildFile section */

/* Begin PBXContainerItemProxy section */
		E0159B9026E93D890011ED2D /* PBXContainerItemProxy */ = {
			isa = PBXContainerItemProxy;
			containerPortal = E0159B7126E93D860011ED2D /* Project object */;
			proxyType = 1;
			remoteGlobalIDString = E0159B7826E93D860011ED2D;
			remoteInfo = NewsApp;
		};
/* End PBXContainerItemProxy section */

/* Begin PBXFileReference section */
		30A4D702853F77A440FC5D40 /* Pods-NewsApp.debug.xcconfig */ = {isa = PBXFileReference; includeInIndex = 1; lastKnownFileType = text.xcconfig; name = "Pods-NewsApp.debug.xcconfig"; path = "Target Support Files/Pods-NewsApp/Pods-NewsApp.debug.xcconfig"; sourceTree = "<group>"; };
		3E44803593ED0EF9885C6E35 /* Pods-NewsApp-NewsAppUITests.release.xcconfig */ = {isa = PBXFileReference; includeInIndex = 1; lastKnownFileType = text.xcconfig; name = "Pods-NewsApp-NewsAppUITests.release.xcconfig"; path = "Target Support Files/Pods-NewsApp-NewsAppUITests/Pods-NewsApp-NewsAppUITests.release.xcconfig"; sourceTree = "<group>"; };
		542D3E52297C0A4CC6DA48FC /* Pods_NewsApp.framework */ = {isa = PBXFileReference; explicitFileType = wrapper.framework; includeInIndex = 0; path = Pods_NewsApp.framework; sourceTree = BUILT_PRODUCTS_DIR; };
		560269597579BEB2F2296418 /* Pods-NewsApp-NewsAppUITests.debug.xcconfig */ = {isa = PBXFileReference; includeInIndex = 1; lastKnownFileType = text.xcconfig; name = "Pods-NewsApp-NewsAppUITests.debug.xcconfig"; path = "Target Support Files/Pods-NewsApp-NewsAppUITests/Pods-NewsApp-NewsAppUITests.debug.xcconfig"; sourceTree = "<group>"; };
		5DFBDDEFAEF4D4B07C172E10 /* Pods-NewsAppTests.release.xcconfig */ = {isa = PBXFileReference; includeInIndex = 1; lastKnownFileType = text.xcconfig; name = "Pods-NewsAppTests.release.xcconfig"; path = "Target Support Files/Pods-NewsAppTests/Pods-NewsAppTests.release.xcconfig"; sourceTree = "<group>"; };
		901B0CEFA1C3C32FC61487E2 /* Pods-NewsApp.release.xcconfig */ = {isa = PBXFileReference; includeInIndex = 1; lastKnownFileType = text.xcconfig; name = "Pods-NewsApp.release.xcconfig"; path = "Target Support Files/Pods-NewsApp/Pods-NewsApp.release.xcconfig"; sourceTree = "<group>"; };
		B1B945E4B5705DA63ABCACA4 /* Pods_NewsApp_NewsAppUITests.framework */ = {isa = PBXFileReference; explicitFileType = wrapper.framework; includeInIndex = 0; path = Pods_NewsApp_NewsAppUITests.framework; sourceTree = BUILT_PRODUCTS_DIR; };
		B8F9051CA9A66F0A66BD1310 /* Pods-NewsAppTests.debug.xcconfig */ = {isa = PBXFileReference; includeInIndex = 1; lastKnownFileType = text.xcconfig; name = "Pods-NewsAppTests.debug.xcconfig"; path = "Target Support Files/Pods-NewsAppTests/Pods-NewsAppTests.debug.xcconfig"; sourceTree = "<group>"; };
		E0159B7926E93D860011ED2D /* NewsApp.app */ = {isa = PBXFileReference; explicitFileType = wrapper.application; includeInIndex = 0; path = NewsApp.app; sourceTree = BUILT_PRODUCTS_DIR; };
		E0159B7C26E93D860011ED2D /* AppDelegate.swift */ = {isa = PBXFileReference; lastKnownFileType = sourcecode.swift; path = AppDelegate.swift; sourceTree = "<group>"; };
		E0159B8326E93D860011ED2D /* Base */ = {isa = PBXFileReference; lastKnownFileType = file.storyboard; name = Base; path = Base.lproj/Main.storyboard; sourceTree = "<group>"; };
		E0159B8526E93D890011ED2D /* Assets.xcassets */ = {isa = PBXFileReference; lastKnownFileType = folder.assetcatalog; path = Assets.xcassets; sourceTree = "<group>"; };
		E0159B8826E93D890011ED2D /* Base */ = {isa = PBXFileReference; lastKnownFileType = file.storyboard; name = Base; path = Base.lproj/LaunchScreen.storyboard; sourceTree = "<group>"; };
		E0159B8A26E93D890011ED2D /* Info.plist */ = {isa = PBXFileReference; lastKnownFileType = text.plist.xml; path = Info.plist; sourceTree = "<group>"; };
		E0159B8F26E93D890011ED2D /* NewsAppTests.xctest */ = {isa = PBXFileReference; explicitFileType = wrapper.cfbundle; includeInIndex = 0; path = NewsAppTests.xctest; sourceTree = BUILT_PRODUCTS_DIR; };
		E0159B9326E93D890011ED2D /* NewsAppTests.swift */ = {isa = PBXFileReference; lastKnownFileType = sourcecode.swift; path = NewsAppTests.swift; sourceTree = "<group>"; };
		E0159B9526E93D890011ED2D /* Info.plist */ = {isa = PBXFileReference; lastKnownFileType = text.plist.xml; path = Info.plist; sourceTree = "<group>"; };
		E09A5E1926E949BB00E5511F /* ApiBaseRouter.swift */ = {isa = PBXFileReference; lastKnownFileType = sourcecode.swift; path = ApiBaseRouter.swift; sourceTree = "<group>"; };
		E09A5E1B26E949E500E5511F /* NetworkConstants.swift */ = {isa = PBXFileReference; lastKnownFileType = sourcecode.swift; path = NetworkConstants.swift; sourceTree = "<group>"; };
		E09A5E1F26E94ACB00E5511F /* NetworkManager.swift */ = {isa = PBXFileReference; lastKnownFileType = sourcecode.swift; path = NetworkManager.swift; sourceTree = "<group>"; };
		E09A5E2126E94B1E00E5511F /* BaseModel.swift */ = {isa = PBXFileReference; lastKnownFileType = sourcecode.swift; path = BaseModel.swift; sourceTree = "<group>"; };
		E09A5E2326E94C3200E5511F /* ArticlesModel.swift */ = {isa = PBXFileReference; lastKnownFileType = sourcecode.swift; path = ArticlesModel.swift; sourceTree = "<group>"; };
		E09A5E2526E94CE100E5511F /* ArticleModel.swift */ = {isa = PBXFileReference; lastKnownFileType = sourcecode.swift; path = ArticleModel.swift; sourceTree = "<group>"; };
		E09A5E2726E94D6A00E5511F /* SourceModel.swift */ = {isa = PBXFileReference; lastKnownFileType = sourcecode.swift; path = SourceModel.swift; sourceTree = "<group>"; };
		E09A5E2B26E9538D00E5511F /* NewsFeedRouter.swift */ = {isa = PBXFileReference; lastKnownFileType = sourcecode.swift; path = NewsFeedRouter.swift; sourceTree = "<group>"; };
		E09A5E2D26E9539900E5511F /* NewsFeedStore.swift */ = {isa = PBXFileReference; lastKnownFileType = sourcecode.swift; path = NewsFeedStore.swift; sourceTree = "<group>"; };
		E09A5E2F26E95CAE00E5511F /* NetworkError.swift */ = {isa = PBXFileReference; lastKnownFileType = sourcecode.swift; path = NetworkError.swift; sourceTree = "<group>"; };
		E09A5E3326E96E0400E5511F /* UIViewExtenstion.swift */ = {isa = PBXFileReference; lastKnownFileType = sourcecode.swift; path = UIViewExtenstion.swift; sourceTree = "<group>"; };
		E09A5E3526E96E6E00E5511F /* UITableViewExtension.swift */ = {isa = PBXFileReference; lastKnownFileType = sourcecode.swift; path = UITableViewExtension.swift; sourceTree = "<group>"; };
		E09A5E3726E96E9600E5511F /* UITableViewCellExtension.swift */ = {isa = PBXFileReference; lastKnownFileType = sourcecode.swift; path = UITableViewCellExtension.swift; sourceTree = "<group>"; };
		E09A5E3926E96EC600E5511F /* ReusableProtocol.swift */ = {isa = PBXFileReference; lastKnownFileType = sourcecode.swift; path = ReusableProtocol.swift; sourceTree = "<group>"; };
		E09A5E3B26E96F1E00E5511F /* CellConfigurable.swift */ = {isa = PBXFileReference; lastKnownFileType = sourcecode.swift; path = CellConfigurable.swift; sourceTree = "<group>"; };
		E09A5E3E26E96F5600E5511F /* BaseCellViewModel.swift */ = {isa = PBXFileReference; lastKnownFileType = sourcecode.swift; path = BaseCellViewModel.swift; sourceTree = "<group>"; };
		E09A5E4126E971E200E5511F /* NewsFeedsViewController.swift */ = {isa = PBXFileReference; lastKnownFileType = sourcecode.swift; path = NewsFeedsViewController.swift; sourceTree = "<group>"; };
		E09A5E4426E973FC00E5511F /* NewsFeedTableViewCell.swift */ = {isa = PBXFileReference; lastKnownFileType = sourcecode.swift; path = NewsFeedTableViewCell.swift; sourceTree = "<group>"; };
		E09A5E4526E973FC00E5511F /* NewsFeedTableViewCell.xib */ = {isa = PBXFileReference; lastKnownFileType = file.xib; path = NewsFeedTableViewCell.xib; sourceTree = "<group>"; };
		E09A5E4926E9792500E5511F /* NewsFeedTableViewCellViewModel.swift */ = {isa = PBXFileReference; lastKnownFileType = sourcecode.swift; path = NewsFeedTableViewCellViewModel.swift; sourceTree = "<group>"; };
		E09A5E4B26E97BFB00E5511F /* NewsFeedsViewModel.swift */ = {isa = PBXFileReference; lastKnownFileType = sourcecode.swift; path = NewsFeedsViewModel.swift; sourceTree = "<group>"; };
		E67B48CB236688EAC67C1B6A /* Pods_NewsAppTests.framework */ = {isa = PBXFileReference; explicitFileType = wrapper.framework; includeInIndex = 0; path = Pods_NewsAppTests.framework; sourceTree = BUILT_PRODUCTS_DIR; };
/* End PBXFileReference section */

/* Begin PBXFrameworksBuildPhase section */
		E0159B7626E93D860011ED2D /* Frameworks */ = {
			isa = PBXFrameworksBuildPhase;
			buildActionMask = 2147483647;
			files = (
				C943F72B96E606A7394456D0 /* Pods_NewsApp.framework in Frameworks */,
			);
			runOnlyForDeploymentPostprocessing = 0;
		};
		E0159B8C26E93D890011ED2D /* Frameworks */ = {
			isa = PBXFrameworksBuildPhase;
			buildActionMask = 2147483647;
			files = (
				7B24BDE130221AB9470717BC /* Pods_NewsAppTests.framework in Frameworks */,
			);
			runOnlyForDeploymentPostprocessing = 0;
		};
/* End PBXFrameworksBuildPhase section */

/* Begin PBXGroup section */
		0D15AD7A5180385820215319 /* Frameworks */ = {
			isa = PBXGroup;
			children = (
				542D3E52297C0A4CC6DA48FC /* Pods_NewsApp.framework */,
				B1B945E4B5705DA63ABCACA4 /* Pods_NewsApp_NewsAppUITests.framework */,
				E67B48CB236688EAC67C1B6A /* Pods_NewsAppTests.framework */,
			);
			name = Frameworks;
			sourceTree = "<group>";
		};
		C7AA19CB5A7D09FE2C90B8F3 /* Pods */ = {
			isa = PBXGroup;
			children = (
				30A4D702853F77A440FC5D40 /* Pods-NewsApp.debug.xcconfig */,
				901B0CEFA1C3C32FC61487E2 /* Pods-NewsApp.release.xcconfig */,
				560269597579BEB2F2296418 /* Pods-NewsApp-NewsAppUITests.debug.xcconfig */,
				3E44803593ED0EF9885C6E35 /* Pods-NewsApp-NewsAppUITests.release.xcconfig */,
				B8F9051CA9A66F0A66BD1310 /* Pods-NewsAppTests.debug.xcconfig */,
				5DFBDDEFAEF4D4B07C172E10 /* Pods-NewsAppTests.release.xcconfig */,
			);
			path = Pods;
			sourceTree = "<group>";
		};
		E0159B7026E93D860011ED2D = {
			isa = PBXGroup;
			children = (
				E0159B7B26E93D860011ED2D /* NewsApp */,
				E0159B9226E93D890011ED2D /* NewsAppTests */,
				E0159B7A26E93D860011ED2D /* Products */,
				C7AA19CB5A7D09FE2C90B8F3 /* Pods */,
				0D15AD7A5180385820215319 /* Frameworks */,
			);
			sourceTree = "<group>";
		};
		E0159B7A26E93D860011ED2D /* Products */ = {
			isa = PBXGroup;
			children = (
				E0159B7926E93D860011ED2D /* NewsApp.app */,
				E0159B8F26E93D890011ED2D /* NewsAppTests.xctest */,
			);
			name = Products;
			sourceTree = "<group>";
		};
		E0159B7B26E93D860011ED2D /* NewsApp */ = {
			isa = PBXGroup;
			children = (
				E09A5E1126E9481800E5511F /* Common */,
				E09A5E1226E9483100E5511F /* Network */,
				E09A5E1526E9485D00E5511F /* Model */,
				E09A5E1626E9486B00E5511F /* View */,
				E09A5E1726E9487000E5511F /* ViewModel */,
				E09A5E1826E9488A00E5511F /* SupportingFiles */,
			);
			path = NewsApp;
			sourceTree = "<group>";
		};
		E0159B9226E93D890011ED2D /* NewsAppTests */ = {
			isa = PBXGroup;
			children = (
				E0159B9326E93D890011ED2D /* NewsAppTests.swift */,
				E0159B9526E93D890011ED2D /* Info.plist */,
			);
			path = NewsAppTests;
			sourceTree = "<group>";
		};
		E09A5E1126E9481800E5511F /* Common */ = {
			isa = PBXGroup;
			children = (
				E09A5E3126E96DC700E5511F /* Protocol */,
				E09A5E3226E96DCD00E5511F /* Extension */,
			);
			path = Common;
			sourceTree = "<group>";
		};
		E09A5E1226E9483100E5511F /* Network */ = {
			isa = PBXGroup;
			children = (
				E09A5E2926E9536500E5511F /* Manager */,
				E09A5E1426E9484C00E5511F /* DataStore */,
			);
			path = Network;
			sourceTree = "<group>";
		};
		E09A5E1426E9484C00E5511F /* DataStore */ = {
			isa = PBXGroup;
			children = (
				E09A5E2A26E9537A00E5511F /* NewsFeed */,
			);
			path = DataStore;
			sourceTree = "<group>";
		};
		E09A5E1526E9485D00E5511F /* Model */ = {
			isa = PBXGroup;
			children = (
				E09A5E2126E94B1E00E5511F /* BaseModel.swift */,
				E09A5E2326E94C3200E5511F /* ArticlesModel.swift */,
				E09A5E2526E94CE100E5511F /* ArticleModel.swift */,
				E09A5E2726E94D6A00E5511F /* SourceModel.swift */,
			);
			path = Model;
			sourceTree = "<group>";
		};
		E09A5E1626E9486B00E5511F /* View */ = {
			isa = PBXGroup;
			children = (
				E09A5E4026E971C000E5511F /* NewsFeeds */,
				E0159B8226E93D860011ED2D /* Main.storyboard */,
			);
			path = View;
			sourceTree = "<group>";
		};
		E09A5E1726E9487000E5511F /* ViewModel */ = {
			isa = PBXGroup;
			children = (
				E09A5E3E26E96F5600E5511F /* BaseCellViewModel.swift */,
			);
			path = ViewModel;
			sourceTree = "<group>";
		};
		E09A5E1826E9488A00E5511F /* SupportingFiles */ = {
			isa = PBXGroup;
			children = (
				E0159B7C26E93D860011ED2D /* AppDelegate.swift */,
				E0159B8526E93D890011ED2D /* Assets.xcassets */,
				E0159B8726E93D890011ED2D /* LaunchScreen.storyboard */,
				E0159B8A26E93D890011ED2D /* Info.plist */,
			);
			path = SupportingFiles;
			sourceTree = "<group>";
		};
		E09A5E2926E9536500E5511F /* Manager */ = {
			isa = PBXGroup;
			children = (
				E09A5E1926E949BB00E5511F /* ApiBaseRouter.swift */,
				E09A5E1B26E949E500E5511F /* NetworkConstants.swift */,
				E09A5E1F26E94ACB00E5511F /* NetworkManager.swift */,
				E09A5E2F26E95CAE00E5511F /* NetworkError.swift */,
			);
			path = Manager;
			sourceTree = "<group>";
		};
		E09A5E2A26E9537A00E5511F /* NewsFeed */ = {
			isa = PBXGroup;
			children = (
				E09A5E2B26E9538D00E5511F /* NewsFeedRouter.swift */,
				E09A5E2D26E9539900E5511F /* NewsFeedStore.swift */,
			);
			path = NewsFeed;
			sourceTree = "<group>";
		};
		E09A5E3126E96DC700E5511F /* Protocol */ = {
			isa = PBXGroup;
			children = (
				E09A5E3926E96EC600E5511F /* ReusableProtocol.swift */,
				E09A5E3B26E96F1E00E5511F /* CellConfigurable.swift */,
			);
			path = Protocol;
			sourceTree = "<group>";
		};
		E09A5E3226E96DCD00E5511F /* Extension */ = {
			isa = PBXGroup;
			children = (
				E09A5E3326E96E0400E5511F /* UIViewExtenstion.swift */,
				E09A5E3526E96E6E00E5511F /* UITableViewExtension.swift */,
				E09A5E3726E96E9600E5511F /* UITableViewCellExtension.swift */,
			);
			path = Extension;
			sourceTree = "<group>";
		};
		E09A5E4026E971C000E5511F /* NewsFeeds */ = {
			isa = PBXGroup;
			children = (
				E09A5E4326E973C600E5511F /* NewsFeedCell */,
				E09A5E4B26E97BFB00E5511F /* NewsFeedsViewModel.swift */,
				E09A5E4126E971E200E5511F /* NewsFeedsViewController.swift */,
			);
			path = NewsFeeds;
			sourceTree = "<group>";
		};
		E09A5E4326E973C600E5511F /* NewsFeedCell */ = {
			isa = PBXGroup;
			children = (
				E09A5E4926E9792500E5511F /* NewsFeedTableViewCellViewModel.swift */,
				E09A5E4426E973FC00E5511F /* NewsFeedTableViewCell.swift */,
				E09A5E4526E973FC00E5511F /* NewsFeedTableViewCell.xib */,
			);
			path = NewsFeedCell;
			sourceTree = "<group>";
		};
/* End PBXGroup section */

/* Begin PBXNativeTarget section */
		E0159B7826E93D860011ED2D /* NewsApp */ = {
			isa = PBXNativeTarget;
			buildConfigurationList = E0159BA326E93D890011ED2D /* Build configuration list for PBXNativeTarget "NewsApp" */;
			buildPhases = (
				EC415645B7D632F97ECDE493 /* [CP] Check Pods Manifest.lock */,
				E0159B7526E93D860011ED2D /* Sources */,
				E0159B7626E93D860011ED2D /* Frameworks */,
				E0159B7726E93D860011ED2D /* Resources */,
				1015D371B0670D8F0E33633A /* [CP] Embed Pods Frameworks */,
			);
			buildRules = (
			);
			dependencies = (
			);
			name = NewsApp;
			productName = NewsApp;
			productReference = E0159B7926E93D860011ED2D /* NewsApp.app */;
			productType = "com.apple.product-type.application";
		};
		E0159B8E26E93D890011ED2D /* NewsAppTests */ = {
			isa = PBXNativeTarget;
			buildConfigurationList = E0159BA626E93D890011ED2D /* Build configuration list for PBXNativeTarget "NewsAppTests" */;
			buildPhases = (
				A71B9C08065E511AC6E244EF /* [CP] Check Pods Manifest.lock */,
				E0159B8B26E93D890011ED2D /* Sources */,
				E0159B8C26E93D890011ED2D /* Frameworks */,
				E0159B8D26E93D890011ED2D /* Resources */,
			);
			buildRules = (
			);
			dependencies = (
				E0159B9126E93D890011ED2D /* PBXTargetDependency */,
			);
			name = NewsAppTests;
			productName = NewsAppTests;
			productReference = E0159B8F26E93D890011ED2D /* NewsAppTests.xctest */;
			productType = "com.apple.product-type.bundle.unit-test";
		};
/* End PBXNativeTarget section */

/* Begin PBXProject section */
		E0159B7126E93D860011ED2D /* Project object */ = {
			isa = PBXProject;
			attributes = {
				LastSwiftUpdateCheck = 1250;
				LastUpgradeCheck = 1250;
				TargetAttributes = {
					E0159B7826E93D860011ED2D = {
						CreatedOnToolsVersion = 12.5.1;
					};
					E0159B8E26E93D890011ED2D = {
						CreatedOnToolsVersion = 12.5.1;
						TestTargetID = E0159B7826E93D860011ED2D;
					};
				};
			};
			buildConfigurationList = E0159B7426E93D860011ED2D /* Build configuration list for PBXProject "NewsApp" */;
			compatibilityVersion = "Xcode 9.3";
			developmentRegion = en;
			hasScannedForEncodings = 0;
			knownRegions = (
				en,
				Base,
			);
			mainGroup = E0159B7026E93D860011ED2D;
			productRefGroup = E0159B7A26E93D860011ED2D /* Products */;
			projectDirPath = "";
			projectRoot = "";
			targets = (
				E0159B7826E93D860011ED2D /* NewsApp */,
				E0159B8E26E93D890011ED2D /* NewsAppTests */,
			);
		};
/* End PBXProject section */

/* Begin PBXResourcesBuildPhase section */
		E0159B7726E93D860011ED2D /* Resources */ = {
			isa = PBXResourcesBuildPhase;
			buildActionMask = 2147483647;
			files = (
				E0159B8926E93D890011ED2D /* LaunchScreen.storyboard in Resources */,
				E0159B8626E93D890011ED2D /* Assets.xcassets in Resources */,
				E09A5E4726E973FC00E5511F /* NewsFeedTableViewCell.xib in Resources */,
				E0159B8426E93D860011ED2D /* Main.storyboard in Resources */,
			);
			runOnlyForDeploymentPostprocessing = 0;
		};
		E0159B8D26E93D890011ED2D /* Resources */ = {
			isa = PBXResourcesBuildPhase;
			buildActionMask = 2147483647;
			files = (
			);
			runOnlyForDeploymentPostprocessing = 0;
		};
/* End PBXResourcesBuildPhase section */

/* Begin PBXShellScriptBuildPhase section */
		1015D371B0670D8F0E33633A /* [CP] Embed Pods Frameworks */ = {
			isa = PBXShellScriptBuildPhase;
			buildActionMask = 2147483647;
			files = (
			);
			inputFileListPaths = (
				"${PODS_ROOT}/Target Support Files/Pods-NewsApp/Pods-NewsApp-frameworks-${CONFIGURATION}-input-files.xcfilelist",
			);
			name = "[CP] Embed Pods Frameworks";
			outputFileListPaths = (
				"${PODS_ROOT}/Target Support Files/Pods-NewsApp/Pods-NewsApp-frameworks-${CONFIGURATION}-output-files.xcfilelist",
			);
			runOnlyForDeploymentPostprocessing = 0;
			shellPath = /bin/sh;
			shellScript = "\"${PODS_ROOT}/Target Support Files/Pods-NewsApp/Pods-NewsApp-frameworks.sh\"\n";
			showEnvVarsInLog = 0;
		};
		A71B9C08065E511AC6E244EF /* [CP] Check Pods Manifest.lock */ = {
			isa = PBXShellScriptBuildPhase;
			buildActionMask = 2147483647;
			files = (
			);
			inputFileListPaths = (
			);
			inputPaths = (
				"${PODS_PODFILE_DIR_PATH}/Podfile.lock",
				"${PODS_ROOT}/Manifest.lock",
			);
			name = "[CP] Check Pods Manifest.lock";
			outputFileListPaths = (
			);
			outputPaths = (
				"$(DERIVED_FILE_DIR)/Pods-NewsAppTests-checkManifestLockResult.txt",
			);
			runOnlyForDeploymentPostprocessing = 0;
			shellPath = /bin/sh;
			shellScript = "diff \"${PODS_PODFILE_DIR_PATH}/Podfile.lock\" \"${PODS_ROOT}/Manifest.lock\" > /dev/null\nif [ $? != 0 ] ; then\n    # print error to STDERR\n    echo \"error: The sandbox is not in sync with the Podfile.lock. Run 'pod install' or update your CocoaPods installation.\" >&2\n    exit 1\nfi\n# This output is used by Xcode 'outputs' to avoid re-running this script phase.\necho \"SUCCESS\" > \"${SCRIPT_OUTPUT_FILE_0}\"\n";
			showEnvVarsInLog = 0;
		};
		EC415645B7D632F97ECDE493 /* [CP] Check Pods Manifest.lock */ = {
			isa = PBXShellScriptBuildPhase;
			buildActionMask = 2147483647;
			files = (
			);
			inputFileListPaths = (
			);
			inputPaths = (
				"${PODS_PODFILE_DIR_PATH}/Podfile.lock",
				"${PODS_ROOT}/Manifest.lock",
			);
			name = "[CP] Check Pods Manifest.lock";
			outputFileListPaths = (
			);
			outputPaths = (
				"$(DERIVED_FILE_DIR)/Pods-NewsApp-checkManifestLockResult.txt",
			);
			runOnlyForDeploymentPostprocessing = 0;
			shellPath = /bin/sh;
			shellScript = "diff \"${PODS_PODFILE_DIR_PATH}/Podfile.lock\" \"${PODS_ROOT}/Manifest.lock\" > /dev/null\nif [ $? != 0 ] ; then\n    # print error to STDERR\n    echo \"error: The sandbox is not in sync with the Podfile.lock. Run 'pod install' or update your CocoaPods installation.\" >&2\n    exit 1\nfi\n# This output is used by Xcode 'outputs' to avoid re-running this script phase.\necho \"SUCCESS\" > \"${SCRIPT_OUTPUT_FILE_0}\"\n";
			showEnvVarsInLog = 0;
		};
/* End PBXShellScriptBuildPhase section */

/* Begin PBXSourcesBuildPhase section */
		E0159B7526E93D860011ED2D /* Sources */ = {
			isa = PBXSourcesBuildPhase;
			buildActionMask = 2147483647;
			files = (
				E09A5E2C26E9538D00E5511F /* NewsFeedRouter.swift in Sources */,
				E09A5E2226E94B1E00E5511F /* BaseModel.swift in Sources */,
				E09A5E4C26E97BFB00E5511F /* NewsFeedsViewModel.swift in Sources */,
				E09A5E3C26E96F1E00E5511F /* CellConfigurable.swift in Sources */,
				E09A5E2426E94C3200E5511F /* ArticlesModel.swift in Sources */,
				E09A5E2626E94CE100E5511F /* ArticleModel.swift in Sources */,
				E09A5E4626E973FC00E5511F /* NewsFeedTableViewCell.swift in Sources */,
				E09A5E1C26E949E500E5511F /* NetworkConstants.swift in Sources */,
				E09A5E2026E94ACB00E5511F /* NetworkManager.swift in Sources */,
				E09A5E3626E96E6E00E5511F /* UITableViewExtension.swift in Sources */,
				E09A5E3F26E96F5600E5511F /* BaseCellViewModel.swift in Sources */,
				E09A5E2E26E9539900E5511F /* NewsFeedStore.swift in Sources */,
				E09A5E4A26E9792500E5511F /* NewsFeedTableViewCellViewModel.swift in Sources */,
				E09A5E1A26E949BB00E5511F /* ApiBaseRouter.swift in Sources */,
				E09A5E3A26E96EC600E5511F /* ReusableProtocol.swift in Sources */,
				E09A5E2826E94D6A00E5511F /* SourceModel.swift in Sources */,
				E09A5E4226E971E200E5511F /* NewsFeedsViewController.swift in Sources */,
				E09A5E3026E95CAE00E5511F /* NetworkError.swift in Sources */,
				E09A5E3826E96E9600E5511F /* UITableViewCellExtension.swift in Sources */,
				E0159B7D26E93D860011ED2D /* AppDelegate.swift in Sources */,
				E09A5E3426E96E0400E5511F /* UIViewExtenstion.swift in Sources */,
			);
			runOnlyForDeploymentPostprocessing = 0;
		};
		E0159B8B26E93D890011ED2D /* Sources */ = {
			isa = PBXSourcesBuildPhase;
			buildActionMask = 2147483647;
			files = (
				E0159B9426E93D890011ED2D /* NewsAppTests.swift in Sources */,
			);
			runOnlyForDeploymentPostprocessing = 0;
		};
/* End PBXSourcesBuildPhase section */

/* Begin PBXTargetDependency section */
		E0159B9126E93D890011ED2D /* PBXTargetDependency */ = {
			isa = PBXTargetDependency;
			target = E0159B7826E93D860011ED2D /* NewsApp */;
			targetProxy = E0159B9026E93D890011ED2D /* PBXContainerItemProxy */;
		};
/* End PBXTargetDependency section */

/* Begin PBXVariantGroup section */
		E0159B8226E93D860011ED2D /* Main.storyboard */ = {
			isa = PBXVariantGroup;
			children = (
				E0159B8326E93D860011ED2D /* Base */,
			);
			name = Main.storyboard;
			sourceTree = "<group>";
		};
		E0159B8726E93D890011ED2D /* LaunchScreen.storyboard */ = {
			isa = PBXVariantGroup;
			children = (
				E0159B8826E93D890011ED2D /* Base */,
			);
			name = LaunchScreen.storyboard;
			sourceTree = "<group>";
		};
/* End PBXVariantGroup section */

/* Begin XCBuildConfiguration section */
		E0159BA126E93D890011ED2D /* Debug */ = {
			isa = XCBuildConfiguration;
			buildSettings = {
				ALWAYS_SEARCH_USER_PATHS = NO;
				CLANG_ANALYZER_NONNULL = YES;
				CLANG_ANALYZER_NUMBER_OBJECT_CONVERSION = YES_AGGRESSIVE;
				CLANG_CXX_LANGUAGE_STANDARD = "gnu++14";
				CLANG_CXX_LIBRARY = "libc++";
				CLANG_ENABLE_MODULES = YES;
				CLANG_ENABLE_OBJC_ARC = YES;
				CLANG_ENABLE_OBJC_WEAK = YES;
				CLANG_WARN_BLOCK_CAPTURE_AUTORELEASING = YES;
				CLANG_WARN_BOOL_CONVERSION = YES;
				CLANG_WARN_COMMA = YES;
				CLANG_WARN_CONSTANT_CONVERSION = YES;
				CLANG_WARN_DEPRECATED_OBJC_IMPLEMENTATIONS = YES;
				CLANG_WARN_DIRECT_OBJC_ISA_USAGE = YES_ERROR;
				CLANG_WARN_DOCUMENTATION_COMMENTS = YES;
				CLANG_WARN_EMPTY_BODY = YES;
				CLANG_WARN_ENUM_CONVERSION = YES;
				CLANG_WARN_INFINITE_RECURSION = YES;
				CLANG_WARN_INT_CONVERSION = YES;
				CLANG_WARN_NON_LITERAL_NULL_CONVERSION = YES;
				CLANG_WARN_OBJC_IMPLICIT_RETAIN_SELF = YES;
				CLANG_WARN_OBJC_LITERAL_CONVERSION = YES;
				CLANG_WARN_OBJC_ROOT_CLASS = YES_ERROR;
				CLANG_WARN_QUOTED_INCLUDE_IN_FRAMEWORK_HEADER = YES;
				CLANG_WARN_RANGE_LOOP_ANALYSIS = YES;
				CLANG_WARN_STRICT_PROTOTYPES = YES;
				CLANG_WARN_SUSPICIOUS_MOVE = YES;
				CLANG_WARN_UNGUARDED_AVAILABILITY = YES_AGGRESSIVE;
				CLANG_WARN_UNREACHABLE_CODE = YES;
				CLANG_WARN__DUPLICATE_METHOD_MATCH = YES;
				COPY_PHASE_STRIP = NO;
				DEBUG_INFORMATION_FORMAT = dwarf;
				ENABLE_STRICT_OBJC_MSGSEND = YES;
				ENABLE_TESTABILITY = YES;
				GCC_C_LANGUAGE_STANDARD = gnu11;
				GCC_DYNAMIC_NO_PIC = NO;
				GCC_NO_COMMON_BLOCKS = YES;
				GCC_OPTIMIZATION_LEVEL = 0;
				GCC_PREPROCESSOR_DEFINITIONS = (
					"DEBUG=1",
					"$(inherited)",
				);
				GCC_WARN_64_TO_32_BIT_CONVERSION = YES;
				GCC_WARN_ABOUT_RETURN_TYPE = YES_ERROR;
				GCC_WARN_UNDECLARED_SELECTOR = YES;
				GCC_WARN_UNINITIALIZED_AUTOS = YES_AGGRESSIVE;
				GCC_WARN_UNUSED_FUNCTION = YES;
				GCC_WARN_UNUSED_VARIABLE = YES;
				IPHONEOS_DEPLOYMENT_TARGET = 14.1;
				MTL_ENABLE_DEBUG_INFO = INCLUDE_SOURCE;
				MTL_FAST_MATH = YES;
				ONLY_ACTIVE_ARCH = YES;
				SDKROOT = iphoneos;
				SWIFT_ACTIVE_COMPILATION_CONDITIONS = DEBUG;
				SWIFT_OPTIMIZATION_LEVEL = "-Onone";
			};
			name = Debug;
		};
		E0159BA226E93D890011ED2D /* Release */ = {
			isa = XCBuildConfiguration;
			buildSettings = {
				ALWAYS_SEARCH_USER_PATHS = NO;
				CLANG_ANALYZER_NONNULL = YES;
				CLANG_ANALYZER_NUMBER_OBJECT_CONVERSION = YES_AGGRESSIVE;
				CLANG_CXX_LANGUAGE_STANDARD = "gnu++14";
				CLANG_CXX_LIBRARY = "libc++";
				CLANG_ENABLE_MODULES = YES;
				CLANG_ENABLE_OBJC_ARC = YES;
				CLANG_ENABLE_OBJC_WEAK = YES;
				CLANG_WARN_BLOCK_CAPTURE_AUTORELEASING = YES;
				CLANG_WARN_BOOL_CONVERSION = YES;
				CLANG_WARN_COMMA = YES;
				CLANG_WARN_CONSTANT_CONVERSION = YES;
				CLANG_WARN_DEPRECATED_OBJC_IMPLEMENTATIONS = YES;
				CLANG_WARN_DIRECT_OBJC_ISA_USAGE = YES_ERROR;
				CLANG_WARN_DOCUMENTATION_COMMENTS = YES;
				CLANG_WARN_EMPTY_BODY = YES;
				CLANG_WARN_ENUM_CONVERSION = YES;
				CLANG_WARN_INFINITE_RECURSION = YES;
				CLANG_WARN_INT_CONVERSION = YES;
				CLANG_WARN_NON_LITERAL_NULL_CONVERSION = YES;
				CLANG_WARN_OBJC_IMPLICIT_RETAIN_SELF = YES;
				CLANG_WARN_OBJC_LITERAL_CONVERSION = YES;
				CLANG_WARN_OBJC_ROOT_CLASS = YES_ERROR;
				CLANG_WARN_QUOTED_INCLUDE_IN_FRAMEWORK_HEADER = YES;
				CLANG_WARN_RANGE_LOOP_ANALYSIS = YES;
				CLANG_WARN_STRICT_PROTOTYPES = YES;
				CLANG_WARN_SUSPICIOUS_MOVE = YES;
				CLANG_WARN_UNGUARDED_AVAILABILITY = YES_AGGRESSIVE;
				CLANG_WARN_UNREACHABLE_CODE = YES;
				CLANG_WARN__DUPLICATE_METHOD_MATCH = YES;
				COPY_PHASE_STRIP = NO;
				DEBUG_INFORMATION_FORMAT = "dwarf-with-dsym";
				ENABLE_NS_ASSERTIONS = NO;
				ENABLE_STRICT_OBJC_MSGSEND = YES;
				GCC_C_LANGUAGE_STANDARD = gnu11;
				GCC_NO_COMMON_BLOCKS = YES;
				GCC_WARN_64_TO_32_BIT_CONVERSION = YES;
				GCC_WARN_ABOUT_RETURN_TYPE = YES_ERROR;
				GCC_WARN_UNDECLARED_SELECTOR = YES;
				GCC_WARN_UNINITIALIZED_AUTOS = YES_AGGRESSIVE;
				GCC_WARN_UNUSED_FUNCTION = YES;
				GCC_WARN_UNUSED_VARIABLE = YES;
				IPHONEOS_DEPLOYMENT_TARGET = 14.1;
				MTL_ENABLE_DEBUG_INFO = NO;
				MTL_FAST_MATH = YES;
				SDKROOT = iphoneos;
				SWIFT_COMPILATION_MODE = wholemodule;
				SWIFT_OPTIMIZATION_LEVEL = "-O";
				VALIDATE_PRODUCT = YES;
			};
			name = Release;
		};
		E0159BA426E93D890011ED2D /* Debug */ = {
			isa = XCBuildConfiguration;
			baseConfigurationReference = 30A4D702853F77A440FC5D40 /* Pods-NewsApp.debug.xcconfig */;
			buildSettings = {
				ASSETCATALOG_COMPILER_APPICON_NAME = AppIcon;
				ASSETCATALOG_COMPILER_GLOBAL_ACCENT_COLOR_NAME = AccentColor;
				CODE_SIGN_STYLE = Automatic;
				CURRENT_PROJECT_VERSION = 1;
				DEVELOPMENT_TEAM = 4B6HF4627C;
				INFOPLIST_FILE = NewsApp/SupportingFiles/Info.plist;
				IPHONEOS_DEPLOYMENT_TARGET = 14.1;
				LD_RUNPATH_SEARCH_PATHS = (
					"$(inherited)",
					"@executable_path/Frameworks",
				);
				MARKETING_VERSION = 1;
				PRODUCT_BUNDLE_IDENTIFIER = com.AhmadRagab.NewsApp;
				PRODUCT_NAME = "$(TARGET_NAME)";
				SWIFT_VERSION = 5.0;
				TARGETED_DEVICE_FAMILY = 1;
			};
			name = Debug;
		};
		E0159BA526E93D890011ED2D /* Release */ = {
			isa = XCBuildConfiguration;
			baseConfigurationReference = 901B0CEFA1C3C32FC61487E2 /* Pods-NewsApp.release.xcconfig */;
			buildSettings = {
				ASSETCATALOG_COMPILER_APPICON_NAME = AppIcon;
				ASSETCATALOG_COMPILER_GLOBAL_ACCENT_COLOR_NAME = AccentColor;
				CODE_SIGN_STYLE = Automatic;
				CURRENT_PROJECT_VERSION = 1;
				DEVELOPMENT_TEAM = 4B6HF4627C;
				INFOPLIST_FILE = NewsApp/SupportingFiles/Info.plist;
				IPHONEOS_DEPLOYMENT_TARGET = 14.1;
				LD_RUNPATH_SEARCH_PATHS = (
					"$(inherited)",
					"@executable_path/Frameworks",
				);
				MARKETING_VERSION = 1;
				PRODUCT_BUNDLE_IDENTIFIER = com.AhmadRagab.NewsApp;
				PRODUCT_NAME = "$(TARGET_NAME)";
				SWIFT_VERSION = 5.0;
				TARGETED_DEVICE_FAMILY = 1;
			};
			name = Release;
		};
		E0159BA726E93D890011ED2D /* Debug */ = {
			isa = XCBuildConfiguration;
			baseConfigurationReference = B8F9051CA9A66F0A66BD1310 /* Pods-NewsAppTests.debug.xcconfig */;
			buildSettings = {
				ALWAYS_EMBED_SWIFT_STANDARD_LIBRARIES = YES;
				BUNDLE_LOADER = "$(TEST_HOST)";
				CODE_SIGN_STYLE = Automatic;
				DEVELOPMENT_TEAM = 4B6HF4627C;
				INFOPLIST_FILE = NewsAppTests/Info.plist;
				IPHONEOS_DEPLOYMENT_TARGET = 14.5;
				LD_RUNPATH_SEARCH_PATHS = (
					"$(inherited)",
					"@executable_path/Frameworks",
					"@loader_path/Frameworks",
				);
				PRODUCT_BUNDLE_IDENTIFIER = com.AhmadRagab.NewsAppTests;
				PRODUCT_NAME = "$(TARGET_NAME)";
				SWIFT_VERSION = 5.0;
				TARGETED_DEVICE_FAMILY = "1,2";
				TEST_HOST = "$(BUILT_PRODUCTS_DIR)/NewsApp.app/NewsApp";
			};
			name = Debug;
		};
		E0159BA826E93D890011ED2D /* Release */ = {
			isa = XCBuildConfiguration;
			baseConfigurationReference = 5DFBDDEFAEF4D4B07C172E10 /* Pods-NewsAppTests.release.xcconfig */;
			buildSettings = {
				ALWAYS_EMBED_SWIFT_STANDARD_LIBRARIES = YES;
				BUNDLE_LOADER = "$(TEST_HOST)";
				CODE_SIGN_STYLE = Automatic;
				DEVELOPMENT_TEAM = 4B6HF4627C;
				INFOPLIST_FILE = NewsAppTests/Info.plist;
				IPHONEOS_DEPLOYMENT_TARGET = 14.5;
				LD_RUNPATH_SEARCH_PATHS = (
					"$(inherited)",
					"@executable_path/Frameworks",
					"@loader_path/Frameworks",
				);
				PRODUCT_BUNDLE_IDENTIFIER = com.AhmadRagab.NewsAppTests;
				PRODUCT_NAME = "$(TARGET_NAME)";
				SWIFT_VERSION = 5.0;
				TARGETED_DEVICE_FAMILY = "1,2";
				TEST_HOST = "$(BUILT_PRODUCTS_DIR)/NewsApp.app/NewsApp";
			};
			name = Release;
		};
/* End XCBuildConfiguration section */

/* Begin XCConfigurationList section */
		E0159B7426E93D860011ED2D /* Build configuration list for PBXProject "NewsApp" */ = {
			isa = XCConfigurationList;
			buildConfigurations = (
				E0159BA126E93D890011ED2D /* Debug */,
				E0159BA226E93D890011ED2D /* Release */,
			);
			defaultConfigurationIsVisible = 0;
			defaultConfigurationName = Release;
		};
		E0159BA326E93D890011ED2D /* Build configuration list for PBXNativeTarget "NewsApp" */ = {
			isa = XCConfigurationList;
			buildConfigurations = (
				E0159BA426E93D890011ED2D /* Debug */,
				E0159BA526E93D890011ED2D /* Release */,
			);
			defaultConfigurationIsVisible = 0;
			defaultConfigurationName = Release;
		};
		E0159BA626E93D890011ED2D /* Build configuration list for PBXNativeTarget "NewsAppTests" */ = {
			isa = XCConfigurationList;
			buildConfigurations = (
				E0159BA726E93D890011ED2D /* Debug */,
				E0159BA826E93D890011ED2D /* Release */,
			);
			defaultConfigurationIsVisible = 0;
			defaultConfigurationName = Release;
		};
/* End XCConfigurationList section */
	};
	rootObject = E0159B7126E93D860011ED2D /* Project object */;
}
